
Microsoft Visual Studio Solution File, Format Version 12.00
# Visual Studio Version 17
VisualStudioVersion = 17.1.32407.343
MinimumVisualStudioVersion = 10.0.40219.1
Project("{8BC9CEB8-8B4A-11D0-8D11-00A0C91BC942}") = "Testing", "Testing\Testing.vcxproj", "{6E9124A9-6861-498B-8925-210C5C8AF489}"
EndProject
Project("{FAE04EC0-301F-11D3-BF4B-00C04F79EFBC}") = "Project1", "Project1\Project1.csproj", "{24CC48D5-A557-4724-950C-B42E266AD815}"
EndProject
Project("{FAE04EC0-301F-11D3-BF4B-00C04F79EFBC}") = "WindowsFormsApp1", "WindowsFormsApp1\WindowsFormsApp1.csproj", "{208B8DD7-B96B-483B-B087-DFECE49F3790}"
EndProject
Global
	GlobalSection(SolutionConfigurationPlatforms) = preSolution
		Debug|Any CPU = Debug|Any CPU
		Debug|x64 = Debug|x64
		Debug|x86 = Debug|x86
		Release|Any CPU = Release|Any CPU
		Release|x64 = Release|x64
		Release|x86 = Release|x86
	EndGlobalSection
	GlobalSection(ProjectConfigurationPlatforms) = postSolution
		{6E9124A9-6861-498B-8925-210C5C8AF489}.Debug|Any CPU.ActiveCfg = Debug|x64
		{6E9124A9-6861-498B-8925-210C5C8AF489}.Debug|Any CPU.Build.0 = Debug|x64
		{6E9124A9-6861-498B-8925-210C5C8AF489}.Debug|x64.ActiveCfg = Debug|x64
		{6E9124A9-6861-498B-8925-210C5C8AF489}.Debug|x64.Build.0 = Debug|x64
		{6E9124A9-6861-498B-8925-210C5C8AF489}.Debug|x86.ActiveCfg = Debug|Win32
		{6E9124A9-6861-498B-8925-210C5C8AF489}.Debug|x86.Build.0 = Debug|Win32
		{6E9124A9-6861-498B-8925-210C5C8AF489}.Release|Any CPU.ActiveCfg = Release|x64
		{6E9124A9-6861-498B-8925-210C5C8AF489}.Release|Any CPU.Build.0 = Release|x64
		{6E9124A9-6861-498B-8925-210C5C8AF489}.Release|x64.ActiveCfg = Release|x64
		{6E9124A9-6861-498B-8925-210C5C8AF489}.Release|x64.Build.0 = Release|x64
		{6E9124A9-6861-498B-8925-210C5C8AF489}.Release|x86.ActiveCfg = Release|Win32
		{6E9124A9-6861-498B-8925-210C5C8AF489}.Release|x86.Build.0 = Release|Win32
		{24CC48D5-A557-4724-950C-B42E266AD815}.Debug|Any CPU.ActiveCfg = Debug|Any CPU
		{24CC48D5-A557-4724-950C-B42E266AD815}.Debug|Any CPU.Build.0 = Debug|Any CPU
		{24CC48D5-A557-4724-950C-B42E266AD815}.Debug|x64.ActiveCfg = Debug|Any CPU
		{24CC48D5-A557-4724-950C-B42E266AD815}.Debug|x64.Build.0 = Debug|Any CPU
		{24CC48D5-A557-4724-950C-B42E266AD815}.Debug|x86.ActiveCfg = Debug|Any CPU
		{24CC48D5-A557-4724-950C-B42E266AD815}.Debug|x86.Build.0 = Debug|Any CPU
		{24CC48D5-A557-4724-950C-B42E266AD815}.Release|Any CPU.ActiveCfg = Release|Any CPU
		{24CC48D5-A557-4724-950C-B42E266AD815}.Release|Any CPU.Build.0 = Release|Any CPU
		{24CC48D5-A557-4724-950C-B42E266AD815}.Release|x64.ActiveCfg = Release|Any CPU
		{24CC48D5-A557-4724-950C-B42E266AD815}.Release|x64.Build.0 = Release|Any CPU
		{24CC48D5-A557-4724-950C-B42E266AD815}.Release|x86.ActiveCfg = Release|Any CPU
		{24CC48D5-A557-4724-950C-B42E266AD815}.Release|x86.Build.0 = Release|Any CPU
		{208B8DD7-B96B-483B-B087-DFECE49F3790}.Debug|Any CPU.ActiveCfg = Debug|Any CPU
		{208B8DD7-B96B-483B-B087-DFECE49F3790}.Debug|Any CPU.Build.0 = Debug|Any CPU
		{208B8DD7-B96B-483B-B087-DFECE49F3790}.Debug|x64.ActiveCfg = Debug|Any CPU
		{208B8DD7-B96B-483B-B087-DFECE49F3790}.Debug|x64.Build.0 = Debug|Any CPU
		{208B8DD7-B96B-483B-B087-DFECE49F3790}.Debug|x86.ActiveCfg = Debug|Any CPU
		{208B8DD7-B96B-483B-B087-DFECE49F3790}.Debug|x86.Build.0 = Debug|Any CPU
		{208B8DD7-B96B-483B-B087-DFECE49F3790}.Release|Any CPU.ActiveCfg = Release|Any CPU
		{208B8DD7-B96B-483B-B087-DFECE49F3790}.Release|Any CPU.Build.0 = Release|Any CPU
		{208B8DD7-B96B-483B-B087-DFECE49F3790}.Release|x64.ActiveCfg = Release|Any CPU
		{208B8DD7-B96B-483B-B087-DFECE49F3790}.Release|x64.Build.0 = Release|Any CPU
		{208B8DD7-B96B-483B-B087-DFECE49F3790}.Release|x86.ActiveCfg = Release|Any CPU
		{208B8DD7-B96B-483B-B087-DFECE49F3790}.Release|x86.Build.0 = Release|Any CPU
	EndGlobalSection
	GlobalSection(SolutionProperties) = preSolution
		HideSolutionNode = FALSE
	EndGlobalSection
	GlobalSection(ExtensibilityGlobals) = postSolution
		SolutionGuid = {A08B8B64-D2DF-4028-A2CA-0CD82286391D}
	EndGlobalSection
EndGlobal
